<?xml version="1.0" encoding="utf-8"?>
<Project ToolsVersion="4.0" xmlns="http://schemas.microsoft.com/developer/msbuild/2003">
  <ItemGroup>
    <Filter Include="Source Files">
      <UniqueIdentifier>{4FC737F1-C7A5-4376-A066-2A32D752A2FF}</UniqueIdentifier>
      <Extensions>cpp;c;cc;cxx;def;odl;idl;hpj;bat;asm;asmx</Extensions>
    </Filter>
    <Filter Include="Header Files">
      <UniqueIdentifier>{93995380-89BD-4b04-88EB-625FBE52EBFB}</UniqueIdentifier>
      <Extensions>h;hh;hpp;hxx;hm;inl;inc;xsd</Extensions>
    </Filter>
    <Filter Include="Resource Files">
      <UniqueIdentifier>{67DA6AB6-F800-4c08-8B7A-83BB121AAD01}</UniqueIdentifier>
      <Extensions>rc;ico;cur;bmp;dlg;rc2;rct;bin;rgs;gif;jpg;jpeg;jpe;resx;tiff;tif;png;wav;mfcribbon-ms</Extensions>
    </Filter>
    <Filter Include="Header Files\Utilities">
      <UniqueIdentifier>{26747010-8dce-4d20-94d1-4e17d4d77503}</UniqueIdentifier>
    </Filter>
    <Filter Include="Header Files\Utilities\BinaryConverter">
      <UniqueIdentifier>{ace3e845-c9fc-4aad-859b-04ddf0d86144}</UniqueIdentifier>
    </Filter>
    <Filter Include="Header Files\Utilities\InputDevices">
      <UniqueIdentifier>{db459c29-0906-4f76-b4eb-088d30b39b97}</UniqueIdentifier>
    </Filter>
    <Filter Include="Header Files\Utilities\Logger">
      <UniqueIdentifier>{991f824d-dda0-4da3-bcf8-f5a8c9e155e1}</UniqueIdentifier>
    </Filter>
    <Filter Include="Source Files\Utilities">
      <UniqueIdentifier>{860ffd95-4372-4484-b27f-be3588836b8a}</UniqueIdentifier>
    </Filter>
    <Filter Include="Source Files\Utilities\InputDevices">
      <UniqueIdentifier>{35f3cd8a-e5b4-478a-8272-6381d015cdbd}</UniqueIdentifier>
    </Filter>
    <Filter Include="Source Files\Utilities\Logger">
      <UniqueIdentifier>{4247afb0-586b-4e4e-b29a-684f0617af5a}</UniqueIdentifier>
    </Filter>
    <Filter Include="Header Files\Utilities\Random">
      <UniqueIdentifier>{d4b4a6a2-3bc8-41b7-b14e-2741a5ac3f3c}</UniqueIdentifier>
    </Filter>
    <Filter Include="Source Files\Utilities\Random">
      <UniqueIdentifier>{cc55c478-65f2-4406-8e71-f2819688802a}</UniqueIdentifier>
    </Filter>
    <Filter Include="Header Files\Utilities\TextReader">
      <UniqueIdentifier>{ceca9f50-cf0b-4d07-9b90-83bdd4092e40}</UniqueIdentifier>
    </Filter>
    <Filter Include="Source Files\Utilities\TextReader">
      <UniqueIdentifier>{66a349e5-fa9e-4c66-b43e-3ea47f9d5a03}</UniqueIdentifier>
    </Filter>
  </ItemGroup>
  <ItemGroup>
    <ClCompile Include="Engine-5.0.0.0.cpp">
      <Filter>Source Files</Filter>
    </ClCompile>
    <ClCompile Include="pch.cpp">
      <Filter>Source Files</Filter>
    </ClCompile>
    <ClCompile Include="Keyboard.cpp">
      <Filter>Source Files\Utilities\InputDevices</Filter>
    </ClCompile>
    <ClCompile Include="Input.cpp">
      <Filter>Source Files\Utilities\InputDevices</Filter>
    </ClCompile>
    <ClCompile Include="Mouse.cpp">
      <Filter>Source Files\Utilities\InputDevices</Filter>
    </ClCompile>
    <ClCompile Include="Logger.cpp">
      <Filter>Source Files\Utilities\Logger</Filter>
    </ClCompile>
    <ClCompile Include="Random.cpp">
      <Filter>Source Files\Utilities\Random</Filter>
    </ClCompile>
    <ClCompile Include="TextReader.cpp">
      <Filter>Source Files\Utilities\TextReader</Filter>
    </ClCompile>
  </ItemGroup>
  <ItemGroup>
    <ClInclude Include="pch.hpp">
      <Filter>Header Files</Filter>
    </ClInclude>
    <ClInclude Include="Input.hpp">
      <Filter>Header Files\Utilities\InputDevices</Filter>
    </ClInclude>
    <ClInclude Include="Keyboard.hpp">
      <Filter>Header Files\Utilities\InputDevices</Filter>
    </ClInclude>
    <ClInclude Include="Mouse.hpp">
      <Filter>Header Files\Utilities\InputDevices</Filter>
    </ClInclude>
    <ClInclude Include="Logger.hpp">
      <Filter>Header Files\Utilities\Logger</Filter>
    </ClInclude>
    <ClInclude Include="BinaryConverter.hpp">
      <Filter>Header Files\Utilities\BinaryConverter</Filter>
    </ClInclude>
    <ClInclude Include="Random.hpp">
      <Filter>Header Files\Utilities\Random</Filter>
    </ClInclude>
    <ClInclude Include="TextReader.hpp">
      <Filter>Header Files\Utilities\TextReader</Filter>
    </ClInclude>
  </ItemGroup>
</Project>